version = 1
revision = 2
requires-python = ">=3.12"

[[package]]
name = "monarch-converter"
source = { editable = "." }
dependencies = [
    { name = "polars" },
    { name = "polars-lts-cpu" },
    { name = "python-slugify" },
]

[package.dev-dependencies]
dev = [
    { name = "ruff" },
]

[package.metadata]
requires-dist = [
    { name = "polars", specifier = ">=1.32.0" },
    { name = "polars-lts-cpu", specifier = ">=1.32.0" },
    { name = "python-slugify", specifier = ">=8.0.4" },
]

[package.metadata.requires-dev]
dev = [{ name = "ruff", specifier = ">=0.12.7" }]

[[package]]
name = "polars"
version = "1.32.0"
source = { registry = "https://pypi.org/simple" }
sdist = { url = "https://files.pythonhosted.org/packages/67/23/6a5f151981f3ac409bed6dc48a3eaecd0592a03eb382693d4c7e749eda8b/polars-1.32.0.tar.gz", hash = "sha256:b01045981c0f23eeccfbfc870b782f93e73b74b29212fdfc8aae0be9024bc1fb", size = 4761045, upload-time = "2025-08-01T01:43:22.413Z" }
wheels = [
    { url = "https://files.pythonhosted.org/packages/e2/40/5b27067d10b5a77ab4094932118e16629ffb20ea9ae5f7d1178e04087891/polars-1.32.0-cp39-abi3-macosx_10_12_x86_64.whl", hash = "sha256:94f7c6a3b30bc99bc6b682ea42bb1ae983e33a302ca21aacbac50ae19e34fcf2", size = 37479518, upload-time = "2025-08-01T01:42:18.603Z" },
    { url = "https://files.pythonhosted.org/packages/08/b7/ca28ac10d340fb91bffb2751efd52aebc9799ae161b867214c6299c8f75b/polars-1.32.0-cp39-abi3-macosx_11_0_arm64.whl", hash = "sha256:8bf14c16164839e62c741a863942a94a9a463db21e797452fca996c8afaf8827", size = 34214196, upload-time = "2025-08-01T01:42:22.667Z" },
    { url = "https://files.pythonhosted.org/packages/61/97/fe3797e8e1d4f9eadab32ffe218a841b8874585b6c9bd0f1a26469fb2992/polars-1.32.0-cp39-abi3-manylinux_2_17_x86_64.manylinux2014_x86_64.whl", hash = "sha256:f4c15adb97d44766d30c759f5cebbdb64d361e8349ef10b5afc7413f71bf4b72", size = 37985353, upload-time = "2025-08-01T01:42:26.033Z" },
    { url = "https://files.pythonhosted.org/packages/a0/7e/2baa2858556e970cc6a35c0d8ad34b2f9d982f1766c0a1fec20ca529a947/polars-1.32.0-cp39-abi3-manylinux_2_24_aarch64.whl", hash = "sha256:13af55890734f89b76016a395fb2e7460e7d9feecf50ed2f55cf0f05a1c0c991", size = 35183912, upload-time = "2025-08-01T01:42:30.446Z" },
    { url = "https://files.pythonhosted.org/packages/ef/41/0e6821dccc5871186a9b95af3990404aa283318263918d33ac974b35cb37/polars-1.32.0-cp39-abi3-win_amd64.whl", hash = "sha256:0397fc2501a5d5f1bb3fe8d27e0c26c7a5349b4110157c0fb7833cd3f5921c9e", size = 37747905, upload-time = "2025-08-01T01:42:33.975Z" },
    { url = "https://files.pythonhosted.org/packages/c2/93/d06df0817da93f922a67e27e9e0f407856991374daa62687e2a45a18935c/polars-1.32.0-cp39-abi3-win_arm64.whl", hash = "sha256:dd84e24422509e1ec9be46f67f758d0bd9944d1ae4eacecee4f53adaa8ecd822", size = 33978543, upload-time = "2025-08-01T01:42:36.779Z" },
]

[[package]]
name = "polars-lts-cpu"
version = "1.32.0"
source = { registry = "https://pypi.org/simple" }
sdist = { url = "https://files.pythonhosted.org/packages/7f/44/36c73b16ac8eaa38141d73cfef075767638a1398452f4dca317b77ef19ab/polars_lts_cpu-1.32.0.tar.gz", hash = "sha256:22553301ce57ed53cb9cb5b7e4928b4543134596cf7c1fbdcf841814e46e3f94", size = 4764746, upload-time = "2025-08-01T01:43:24.093Z" }
wheels = [
    { url = "https://files.pythonhosted.org/packages/34/04/6cb48db2cf54f8afa97ea34bf8d2882dbf3e59c030de94f80deafe1fa6b2/polars_lts_cpu-1.32.0-cp39-abi3-macosx_10_12_x86_64.whl", hash = "sha256:7f13ef88212d7adbb81f50e5a5f30f5fb7833feb09343b9fae3e50cfe1febddd", size = 37029028, upload-time = "2025-08-01T01:42:39.693Z" },
    { url = "https://files.pythonhosted.org/packages/da/7e/7e2002b996feaecea3f27ef0a023dd12ef24ec212718563ab7732085b514/polars_lts_cpu-1.32.0-cp39-abi3-macosx_11_0_arm64.whl", hash = "sha256:12f63591f45039a4bf3118bb7bd342ed92e228fa4caa629d83d579d71f7f70a7", size = 34214307, upload-time = "2025-08-01T01:42:42.939Z" },
    { url = "https://files.pythonhosted.org/packages/3a/1e/177d4028476dca102fca9f0790736f6569512f57731d085921eff8f4cf26/polars_lts_cpu-1.32.0-cp39-abi3-manylinux_2_17_x86_64.manylinux2014_x86_64.whl", hash = "sha256:c5a051666843a480ee01d7f6beb668483d861450b91de4a05dbe6502589be648", size = 37562923, upload-time = "2025-08-01T01:42:46.447Z" },
    { url = "https://files.pythonhosted.org/packages/65/40/e3a7f918f357a30cd3346d3f90343dd5e1a6555d8c66e91dafb2aaf093d3/polars_lts_cpu-1.32.0-cp39-abi3-manylinux_2_24_aarch64.whl", hash = "sha256:955590711bf1812d726c3768d0ec9bd2e87d905e3d9de28d8c6e880fae4dee54", size = 35183991, upload-time = "2025-08-01T01:42:49.578Z" },
    { url = "https://files.pythonhosted.org/packages/00/4a/5f5a3310981d4f932623fcc55054eecb8b20f40925854a2a43a3a2893491/polars_lts_cpu-1.32.0-cp39-abi3-win_amd64.whl", hash = "sha256:0623f14042d538f434297d6cef993c3000c5a4bf883bff2db24f631ef4603038", size = 37759315, upload-time = "2025-08-01T01:42:53.036Z" },
    { url = "https://files.pythonhosted.org/packages/db/43/efd16e0b8f4257a2f1d5aad1342bb9a1cb144f8a345c734d8b07d0c96df5/polars_lts_cpu-1.32.0-cp39-abi3-win_arm64.whl", hash = "sha256:68006afbe3004c1ef79f348f1dde6fcd11443a2c4097943b7c51a9db14e1dc85", size = 33978625, upload-time = "2025-08-01T01:42:56.316Z" },
]

[[package]]
name = "python-slugify"
version = "8.0.4"
source = { registry = "https://pypi.org/simple" }
dependencies = [
    { name = "text-unidecode" },
]
sdist = { url = "https://files.pythonhosted.org/packages/87/c7/5e1547c44e31da50a460df93af11a535ace568ef89d7a811069ead340c4a/python-slugify-8.0.4.tar.gz", hash = "sha256:59202371d1d05b54a9e7720c5e038f928f45daaffe41dd10822f3907b937c856", size = 10921, upload-time = "2024-02-08T18:32:45.488Z" }
wheels = [
    { url = "https://files.pythonhosted.org/packages/a4/62/02da182e544a51a5c3ccf4b03ab79df279f9c60c5e82d5e8bec7ca26ac11/python_slugify-8.0.4-py2.py3-none-any.whl", hash = "sha256:276540b79961052b66b7d116620b36518847f52d5fd9e3a70164fc8c50faa6b8", size = 10051, upload-time = "2024-02-08T18:32:43.911Z" },
]

[[package]]
name = "ruff"
version = "0.12.7"
source = { registry = "https://pypi.org/simple" }
sdist = { url = "https://files.pythonhosted.org/packages/a1/81/0bd3594fa0f690466e41bd033bdcdf86cba8288345ac77ad4afbe5ec743a/ruff-0.12.7.tar.gz", hash = "sha256:1fc3193f238bc2d7968772c82831a4ff69252f673be371fb49663f0068b7ec71", size = 5197814, upload-time = "2025-07-29T22:32:35.877Z" }
wheels = [
    { url = "https://files.pythonhosted.org/packages/e1/d2/6cb35e9c85e7a91e8d22ab32ae07ac39cc34a71f1009a6f9e4a2a019e602/ruff-0.12.7-py3-none-linux_armv6l.whl", hash = "sha256:76e4f31529899b8c434c3c1dede98c4483b89590e15fb49f2d46183801565303", size = 11852189, upload-time = "2025-07-29T22:31:41.281Z" },
    { url = "https://files.pythonhosted.org/packages/63/5b/a4136b9921aa84638f1a6be7fb086f8cad0fde538ba76bda3682f2599a2f/ruff-0.12.7-py3-none-macosx_10_12_x86_64.whl", hash = "sha256:789b7a03e72507c54fb3ba6209e4bb36517b90f1a3569ea17084e3fd295500fb", size = 12519389, upload-time = "2025-07-29T22:31:54.265Z" },
    { url = "https://files.pythonhosted.org/packages/a8/c9/3e24a8472484269b6b1821794141f879c54645a111ded4b6f58f9ab0705f/ruff-0.12.7-py3-none-macosx_11_0_arm64.whl", hash = "sha256:2e1c2a3b8626339bb6369116e7030a4cf194ea48f49b64bb505732a7fce4f4e3", size = 11743384, upload-time = "2025-07-29T22:31:59.575Z" },
    { url = "https://files.pythonhosted.org/packages/26/7c/458dd25deeb3452c43eaee853c0b17a1e84169f8021a26d500ead77964fd/ruff-0.12.7-py3-none-manylinux_2_17_aarch64.manylinux2014_aarch64.whl", hash = "sha256:32dec41817623d388e645612ec70d5757a6d9c035f3744a52c7b195a57e03860", size = 11943759, upload-time = "2025-07-29T22:32:01.95Z" },
    { url = "https://files.pythonhosted.org/packages/7f/8b/658798472ef260ca050e400ab96ef7e85c366c39cf3dfbef4d0a46a528b6/ruff-0.12.7-py3-none-manylinux_2_17_armv7l.manylinux2014_armv7l.whl", hash = "sha256:47ef751f722053a5df5fa48d412dbb54d41ab9b17875c6840a58ec63ff0c247c", size = 11654028, upload-time = "2025-07-29T22:32:04.367Z" },
    { url = "https://files.pythonhosted.org/packages/a8/86/9c2336f13b2a3326d06d39178fd3448dcc7025f82514d1b15816fe42bfe8/ruff-0.12.7-py3-none-manylinux_2_17_i686.manylinux2014_i686.whl", hash = "sha256:a828a5fc25a3efd3e1ff7b241fd392686c9386f20e5ac90aa9234a5faa12c423", size = 13225209, upload-time = "2025-07-29T22:32:06.952Z" },
    { url = "https://files.pythonhosted.org/packages/76/69/df73f65f53d6c463b19b6b312fd2391dc36425d926ec237a7ed028a90fc1/ruff-0.12.7-py3-none-manylinux_2_17_ppc64.manylinux2014_ppc64.whl", hash = "sha256:5726f59b171111fa6a69d82aef48f00b56598b03a22f0f4170664ff4d8298efb", size = 14182353, upload-time = "2025-07-29T22:32:10.053Z" },
    { url = "https://files.pythonhosted.org/packages/58/1e/de6cda406d99fea84b66811c189b5ea139814b98125b052424b55d28a41c/ruff-0.12.7-py3-none-manylinux_2_17_ppc64le.manylinux2014_ppc64le.whl", hash = "sha256:74e6f5c04c4dd4aba223f4fe6e7104f79e0eebf7d307e4f9b18c18362124bccd", size = 13631555, upload-time = "2025-07-29T22:32:12.644Z" },
    { url = "https://files.pythonhosted.org/packages/6f/ae/625d46d5164a6cc9261945a5e89df24457dc8262539ace3ac36c40f0b51e/ruff-0.12.7-py3-none-manylinux_2_17_s390x.manylinux2014_s390x.whl", hash = "sha256:5d0bfe4e77fba61bf2ccadf8cf005d6133e3ce08793bbe870dd1c734f2699a3e", size = 12667556, upload-time = "2025-07-29T22:32:15.312Z" },
    { url = "https://files.pythonhosted.org/packages/55/bf/9cb1ea5e3066779e42ade8d0cd3d3b0582a5720a814ae1586f85014656b6/ruff-0.12.7-py3-none-manylinux_2_17_x86_64.manylinux2014_x86_64.whl", hash = "sha256:06bfb01e1623bf7f59ea749a841da56f8f653d641bfd046edee32ede7ff6c606", size = 12939784, upload-time = "2025-07-29T22:32:17.69Z" },
    { url = "https://files.pythonhosted.org/packages/55/7f/7ead2663be5627c04be83754c4f3096603bf5e99ed856c7cd29618c691bd/ruff-0.12.7-py3-none-musllinux_1_2_aarch64.whl", hash = "sha256:e41df94a957d50083fd09b916d6e89e497246698c3f3d5c681c8b3e7b9bb4ac8", size = 11771356, upload-time = "2025-07-29T22:32:20.134Z" },
    { url = "https://files.pythonhosted.org/packages/17/40/a95352ea16edf78cd3a938085dccc55df692a4d8ba1b3af7accbe2c806b0/ruff-0.12.7-py3-none-musllinux_1_2_armv7l.whl", hash = "sha256:4000623300563c709458d0ce170c3d0d788c23a058912f28bbadc6f905d67afa", size = 11612124, upload-time = "2025-07-29T22:32:22.645Z" },
    { url = "https://files.pythonhosted.org/packages/4d/74/633b04871c669e23b8917877e812376827c06df866e1677f15abfadc95cb/ruff-0.12.7-py3-none-musllinux_1_2_i686.whl", hash = "sha256:69ffe0e5f9b2cf2b8e289a3f8945b402a1b19eff24ec389f45f23c42a3dd6fb5", size = 12479945, upload-time = "2025-07-29T22:32:24.765Z" },
    { url = "https://files.pythonhosted.org/packages/be/34/c3ef2d7799c9778b835a76189c6f53c179d3bdebc8c65288c29032e03613/ruff-0.12.7-py3-none-musllinux_1_2_x86_64.whl", hash = "sha256:a07a5c8ffa2611a52732bdc67bf88e243abd84fe2d7f6daef3826b59abbfeda4", size = 12998677, upload-time = "2025-07-29T22:32:27.022Z" },
    { url = "https://files.pythonhosted.org/packages/77/ab/aca2e756ad7b09b3d662a41773f3edcbd262872a4fc81f920dc1ffa44541/ruff-0.12.7-py3-none-win32.whl", hash = "sha256:c928f1b2ec59fb77dfdf70e0419408898b63998789cc98197e15f560b9e77f77", size = 11756687, upload-time = "2025-07-29T22:32:29.381Z" },
    { url = "https://files.pythonhosted.org/packages/b4/71/26d45a5042bc71db22ddd8252ca9d01e9ca454f230e2996bb04f16d72799/ruff-0.12.7-py3-none-win_amd64.whl", hash = "sha256:9c18f3d707ee9edf89da76131956aba1270c6348bfee8f6c647de841eac7194f", size = 12912365, upload-time = "2025-07-29T22:32:31.517Z" },
    { url = "https://files.pythonhosted.org/packages/4c/9b/0b8aa09817b63e78d94b4977f18b1fcaead3165a5ee49251c5d5c245bb2d/ruff-0.12.7-py3-none-win_arm64.whl", hash = "sha256:dfce05101dbd11833a0776716d5d1578641b7fddb537fe7fa956ab85d1769b69", size = 11982083, upload-time = "2025-07-29T22:32:33.881Z" },
]

[[package]]
name = "text-unidecode"
version = "1.3"
source = { registry = "https://pypi.org/simple" }
sdist = { url = "https://files.pythonhosted.org/packages/ab/e2/e9a00f0ccb71718418230718b3d900e71a5d16e701a3dae079a21e9cd8f8/text-unidecode-1.3.tar.gz", hash = "sha256:bad6603bb14d279193107714b288be206cac565dfa49aa5b105294dd5c4aab93", size = 76885, upload-time = "2019-08-30T21:36:45.405Z" }
wheels = [
    { url = "https://files.pythonhosted.org/packages/a6/a5/c0b6468d3824fe3fde30dbb5e1f687b291608f9473681bbf7dabbf5a87d7/text_unidecode-1.3-py2.py3-none-any.whl", hash = "sha256:1311f10e8b895935241623731c2ba64f4c455287888b18189350b67134a822e8", size = 78154, upload-time = "2019-08-30T21:37:03.543Z" },
]
